
Microsoft Visual Studio Solution File, Format Version 12.00
# Visual Studio Version 17
VisualStudioVersion = 17.2.32630.192
MinimumVisualStudioVersion = 10.0.40219.1
Project("{2150E333-8FDC-42A3-9474-1A3956D46DE8}") = "Solution Items", "Solution Items", "{B9D41B79-BE87-4AF7-AA5E-38911F1997C8}"
EndProject
Project("{9A19103F-16F7-4668-BE54-9A1E7A4F7556}") = "kYaSandbox", "src\kYaSandbox\kYaSandbox.csproj", "{97BE8DE4-7824-4769-8E56-1E53BE922064}"
EndProject
Project("{FAE04EC0-301F-11D3-BF4B-00C04F79EFBC}") = "kYaWebAppSandbox", "kYaWebAppSandbox\kYaWebAppSandbox.csproj", "{52FFB073-9642-4B95-8129-4843D117ADA8}"
EndProject
Global
	GlobalSection(SolutionConfigurationPlatforms) = preSolution
		Debug|Any CPU = Debug|Any CPU
		Release|Any CPU = Release|Any CPU
	EndGlobalSection
	GlobalSection(ProjectConfigurationPlatforms) = postSolution
		{97BE8DE4-7824-4769-8E56-1E53BE922064}.Debug|Any CPU.ActiveCfg = Debug|Any CPU
		{97BE8DE4-7824-4769-8E56-1E53BE922064}.Debug|Any CPU.Build.0 = Debug|Any CPU
		{97BE8DE4-7824-4769-8E56-1E53BE922064}.Release|Any CPU.ActiveCfg = Release|Any CPU
		{97BE8DE4-7824-4769-8E56-1E53BE922064}.Release|Any CPU.Build.0 = Release|Any CPU
		{52FFB073-9642-4B95-8129-4843D117ADA8}.Debug|Any CPU.ActiveCfg = Debug|Any CPU
		{52FFB073-9642-4B95-8129-4843D117ADA8}.Debug|Any CPU.Build.0 = Debug|Any CPU
		{52FFB073-9642-4B95-8129-4843D117ADA8}.Release|Any CPU.ActiveCfg = Release|Any CPU
		{52FFB073-9642-4B95-8129-4843D117ADA8}.Release|Any CPU.Build.0 = Release|Any CPU
	EndGlobalSection
	GlobalSection(SolutionProperties) = preSolution
		HideSolutionNode = FALSE
	EndGlobalSection
	GlobalSection(NestedProjects) = preSolution
		{97BE8DE4-7824-4769-8E56-1E53BE922064} = {B9D41B79-BE87-4AF7-AA5E-38911F1997C8}
	EndGlobalSection
	GlobalSection(ExtensibilityGlobals) = postSolution
		SolutionGuid = {82620E8C-398A-4D46-ADFE-0316F64FDDC5}
	EndGlobalSection
EndGlobal
